# This file is automatically @generated by Cargo.
# It is not intended for manual editing.
version = 4

[[package]]
name = "noxel-app"
version = "0.1.0"
dependencies = [
 "noxel-asset",
 "noxel-camera",
 "noxel-core",
 "noxel-debug",
 "noxel-ecs",
 "noxel-npc",
 "noxel-physics",
 "noxel-render",
 "noxel-visibility",
 "noxel-world",
]

[[package]]
name = "noxel-asset"
version = "0.1.0"
dependencies = [
 "noxel-core",
]

[[package]]
name = "noxel-camera"
version = "0.1.0"
dependencies = [
 "noxel-core",
 "noxel-render",
]

[[package]]
name = "noxel-core"
version = "0.1.0"

[[package]]
name = "noxel-debug"
version = "0.1.0"
dependencies = [
 "noxel-core",
 "noxel-render",
]

[[package]]
name = "noxel-ecs"
version = "0.1.0"
dependencies = [
 "noxel-core",
]

[[package]]
name = "noxel-gen"
version = "0.1.0"
dependencies = [
 "noxel-asset",
 "noxel-core",
]

[[package]]
name = "noxel-npc"
version = "0.1.0"
dependencies = [
 "noxel-core",
 "noxel-ecs",
 "noxel-physics",
 "noxel-world",
]

[[package]]
name = "noxel-physics"
version = "0.1.0"
dependencies = [
 "noxel-core",
 "noxel-ecs",
]

[[package]]
name = "noxel-render"
version = "0.1.0"
dependencies = [
 "noxel-asset",
 "noxel-core",
]

[[package]]
name = "noxel-visibility"
version = "0.1.0"
dependencies = [
 "noxel-camera",
 "noxel-core",
 "noxel-ecs",
 "noxel-render",
]

[[package]]
name = "noxel-world"
version = "0.1.0"
dependencies = [
 "noxel-asset",
 "noxel-core",
 "noxel-ecs",
 "noxel-physics",
]

[[package]]
name = "town-demo"
version = "0.1.0"
dependencies = [
 "noxel-app",
 "noxel-asset",
 "noxel-camera",
 "noxel-core",
 "noxel-debug",
 "noxel-ecs",
 "noxel-npc",
 "noxel-physics",
 "noxel-render",
 "noxel-visibility",
 "noxel-world",
]
